# THIS IS AN AUTOGENERATED FILE. DO NOT EDIT THIS FILE DIRECTLY.
# yarn lockfile v1


"@angular/cdk@>=14.0.0":
  "integrity" "sha512-LO3b/akdcPaRwSa+rbrI02THwQm+O4Z3rDIvbDTHyCf3Vmk3p7gsp8WtKAMMJlkCF88VQ3Wh4ZZcfNAtbVO7EA=="
  "resolved" "https://registry.npmjs.org/@angular/cdk/-/cdk-15.1.2.tgz"
  "version" "15.1.2"
  dependencies:
    "tslib" "^2.3.0"
  optionalDependencies:
    "parse5" "^7.1.2"

"@angular/common@^15.0.0 || ^16.0.0", "@angular/common@>=14.0.0":
  "integrity" "sha512-1Ra6EoaZjPcdDsGBge3qSajO1ECYceX+2EWHdjvJ9ZEIaXsLNFMQBUMgJnjsnrojs9Gd3bxJ0WHkahij5/8WNA=="
  "resolved" "https://registry.npmjs.org/@angular/common/-/common-15.1.2.tgz"
  "version" "15.1.2"
  dependencies:
    "tslib" "^2.3.0"

"@angular/core@^15.0.0 || ^16.0.0", "@angular/core@>=14.0.0", "@angular/core@15.1.2":
  "integrity" "sha512-K9pz6Bq6RuY/OWhKLZT1JQvk4orvU9wozgXY8cZaOGmNCQQ7sJv5zGkO5csO6o1ON1v/AHowrP/FAF1i8tml5g=="
  "resolved" "https://registry.npmjs.org/@angular/core/-/core-15.1.2.tgz"
  "version" "15.1.2"
  dependencies:
    "tslib" "^2.3.0"

"@kurkle/color@^0.3.0":
  "integrity" "sha512-fuscdXJ9G1qb7W8VdHi+IwRqij3lBkosAm4ydQtEmbY58OzHXqQhvlxqEkoz0yssNVn38bcpRWgA9PP+OGoisw=="
  "resolved" "https://registry.npmjs.org/@kurkle/color/-/color-0.3.2.tgz"
  "version" "0.3.2"

"chart.js@^3.4.0 || ^4.0.0":
  "integrity" "sha512-wbtcV+QKeH0F7gQZaCJEIpsNriFheacouJQTVIjITi3eQA8bTlIBoknz0+dgV79aeKLNMAX+nDslIVE/nJ3rzA=="
  "resolved" "https://registry.npmjs.org/chart.js/-/chart.js-4.2.0.tgz"
  "version" "4.2.0"
  dependencies:
    "@kurkle/color" "^0.3.0"

"entities@^4.4.0":
  "integrity" "sha512-oYp7156SP8LkeGD0GF85ad1X9Ai79WtRsZ2gxJqtBuzH+98YUV6jkHEKlZkMbcrjJjIVJNIDP/3WL9wQkoPbWA=="
  "resolved" "https://registry.npmjs.org/entities/-/entities-4.4.0.tgz"
  "version" "4.4.0"

"lodash-es@^4.17.15":
  "integrity" "sha512-mKnC+QJ9pWVzv+C4/U3rRsHapFfHvQFoFB92e52xeyGMcX6/OlIl78je1u8vePzYZSkkogMPJ2yjxxsb89cxyw=="
  "resolved" "https://registry.npmjs.org/lodash-es/-/lodash-es-4.17.21.tgz"
  "version" "4.17.21"

"ng2-charts@^4.1.1":
  "integrity" "sha512-iHwXDbmX86lfeH8VRcsaW2tJATsuAZo4kvvC/Yk2l35zOHjevja1qBvO6BAibiDazi9r9aS6ZRJOqWPsz1pP2w=="
  "resolved" "https://registry.npmjs.org/ng2-charts/-/ng2-charts-4.1.1.tgz"
  "version" "4.1.1"
  dependencies:
    "lodash-es" "^4.17.15"
    "tslib" "^2.3.0"

"parse5@^7.1.2":
  "integrity" "sha512-Czj1WaSVpaoj0wbhMzLmWD69anp2WH7FXMB9n1Sy8/ZFF9jolSQVMu1Ij5WIyGmcBmhk7EOndpO4mIpihVqAXw=="
  "resolved" "https://registry.npmjs.org/parse5/-/parse5-7.1.2.tgz"
  "version" "7.1.2"
  dependencies:
    "entities" "^4.4.0"

"rxjs@^6.5.3 || ^7.4.0":
  "integrity" "sha512-F2+gxDshqmIub1KdvZkaEfGDwLNpPvk9Fs6LD/MyQxNgMds/WH9OdDDXOmxUZpME+iSK3rQCctkL0DYyytUqMg=="
  "resolved" "https://registry.npmjs.org/rxjs/-/rxjs-7.8.0.tgz"
  "version" "7.8.0"
  dependencies:
    "tslib" "^2.1.0"

"tslib@^2.1.0", "tslib@^2.3.0":
  "integrity" "sha512-tGyy4dAjRIEwI7BzsB0lynWgOpfqjUdq91XXAlIWD2OwKBH7oCl/GZG/HT4BOHrTlPMOASlMQ7veyTqpmRcrNA=="
  "resolved" "https://registry.npmjs.org/tslib/-/tslib-2.4.1.tgz"
  "version" "2.4.1"

"zone.js@~0.11.4 || ~0.12.0":
  "integrity" "sha512-XtC+I5dXU14HrzidAKBNMqneIVUykLEAA1x+v4KVrd6AUPWlwYORF8KgsVqvgdHiKZ4BkxxjvYi/ksEixTPR0Q=="
  "resolved" "https://registry.npmjs.org/zone.js/-/zone.js-0.12.0.tgz"
  "version" "0.12.0"
  dependencies:
    "tslib" "^2.3.0"
